
Microsoft Visual Studio Solution File, Format Version 12.00
# Visual Studio Version 17
VisualStudioVersion = 17.8.34004.107
MinimumVisualStudioVersion = 10.0.40219.1
Project("{2150E333-8FDC-42A3-9474-1A3956D46DE8}") = "Core", "Core", "{4D5F6FD4-AA35-4CE5-8B41-2D99B9B42737}"
EndProject
Project("{FAE04EC0-301F-11D3-BF4B-00C04F79EFBC}") = "CarBook.Domain", "Core\CarBook.Domain\CarBook.Domain.csproj", "{6399F767-7538-417B-9020-C4445451EE93}"
EndProject
Global
	GlobalSection(SolutionConfigurationPlatforms) = preSolution
		Debug|Any CPU = Debug|Any CPU
		Release|Any CPU = Release|Any CPU
	EndGlobalSection
	GlobalSection(ProjectConfigurationPlatforms) = postSolution
		{6399F767-7538-417B-9020-C4445451EE93}.Debug|Any CPU.ActiveCfg = Debug|Any CPU
		{6399F767-7538-417B-9020-C4445451EE93}.Debug|Any CPU.Build.0 = Debug|Any CPU
		{6399F767-7538-417B-9020-C4445451EE93}.Release|Any CPU.ActiveCfg = Release|Any CPU
		{6399F767-7538-417B-9020-C4445451EE93}.Release|Any CPU.Build.0 = Release|Any CPU
	EndGlobalSection
	GlobalSection(SolutionProperties) = preSolution
		HideSolutionNode = FALSE
	EndGlobalSection
	GlobalSection(NestedProjects) = preSolution
		{6399F767-7538-417B-9020-C4445451EE93} = {4D5F6FD4-AA35-4CE5-8B41-2D99B9B42737}
	EndGlobalSection
	GlobalSection(ExtensibilityGlobals) = postSolution
		SolutionGuid = {72AEC2F3-B271-483B-A301-94A744D116AB}
	EndGlobalSection
EndGlobal
